
Microsoft Visual Studio Solution File, Format Version 12.00
# Visual Studio Version 16
VisualStudioVersion = 25.0.1705.2
MinimumVisualStudioVersion = 10.0.40219.1
Project("{FAE04EC0-301F-11D3-BF4B-00C04F79EFBC}") = "Rovio.Challenge.Matchmaking.Api", "Rovio.Challenge.Matchmaking.Api\Rovio.Challenge.Matchmaking.Api.csproj", "{550B05D6-B8D2-4B20-B632-B44D2CA89A87}"
EndProject
Project("{FAE04EC0-301F-11D3-BF4B-00C04F79EFBC}") = "Rovio.Challenge.Matchmaking.Domain", "Rovio.Challenge.Matchmaking.Domain\Rovio.Challenge.Matchmaking.Domain.csproj", "{732CF82B-A8C8-44C8-8BD1-7DE3681FE427}"
EndProject
Project("{FAE04EC0-301F-11D3-BF4B-00C04F79EFBC}") = "Rovio.Challenge.Matchmaking.Utils", "Rovio.Challenge.Matchmaking.Utils\Rovio.Challenge.Matchmaking.Utils.csproj", "{E2022206-5645-4042-BC11-2064109CCA74}"
EndProject
Project("{FAE04EC0-301F-11D3-BF4B-00C04F79EFBC}") = "Rovio.Challenge.Matchmaking.Database", "Rovio.Challenge.Matchmaking.Database\Rovio.Challenge.Matchmaking.Database.csproj", "{BD204A23-483D-4E5A-A8FF-89FDA0DC2D1F}"
EndProject
Project("{FAE04EC0-301F-11D3-BF4B-00C04F79EFBC}") = "Rovio.Challenge.Matchmaking.Engine", "Rovio.Challenge.Matchmaking.Engine\Rovio.Challenge.Matchmaking.Engine.csproj", "{3686B1B0-7948-4EA2-9C28-A8842CE85B3B}"
EndProject
Project("{FAE04EC0-301F-11D3-BF4B-00C04F79EFBC}") = "Rovio.Challenge.Matchmaking.Repositories", "Rovio.Challenge.Matchmaking.Repositories\Rovio.Challenge.Matchmaking.Repositories.csproj", "{7D73E1DE-939F-4FB0-948A-5CDD8A566B01}"
EndProject
Project("{FAE04EC0-301F-11D3-BF4B-00C04F79EFBC}") = "Rovio.Challenge.Matchmaking.Tests", "Rovio.Challenge.Matchmaking.Tests\Rovio.Challenge.Matchmaking.Tests.csproj", "{D93F73CE-590A-499A-96CB-F3461BCA83DC}"
EndProject
Project("{FAE04EC0-301F-11D3-BF4B-00C04F79EFBC}") = "Rovio.Challenge.Matchmaking.Queues", "Rovio.Challenge.Matchmaking.Queues\Rovio.Challenge.Matchmaking.Queues.csproj", "{F75D3316-C4BB-4B2E-AD45-78F8B2380C68}"
EndProject
Project("{FAE04EC0-301F-11D3-BF4B-00C04F79EFBC}") = "Rovio.Challenge.Matchmaking.Managers", "Rovio.Challenge.Matchmaking.Managers\Rovio.Challenge.Matchmaking.Managers.csproj", "{341C1F16-B910-4457-AB5F-6D7DEB2E96FC}"
EndProject
Global
	GlobalSection(SolutionConfigurationPlatforms) = preSolution
		Debug|Any CPU = Debug|Any CPU
		Release|Any CPU = Release|Any CPU
	EndGlobalSection
	GlobalSection(ProjectConfigurationPlatforms) = postSolution
		{550B05D6-B8D2-4B20-B632-B44D2CA89A87}.Debug|Any CPU.ActiveCfg = Debug|Any CPU
		{550B05D6-B8D2-4B20-B632-B44D2CA89A87}.Debug|Any CPU.Build.0 = Debug|Any CPU
		{550B05D6-B8D2-4B20-B632-B44D2CA89A87}.Release|Any CPU.ActiveCfg = Release|Any CPU
		{550B05D6-B8D2-4B20-B632-B44D2CA89A87}.Release|Any CPU.Build.0 = Release|Any CPU
		{732CF82B-A8C8-44C8-8BD1-7DE3681FE427}.Debug|Any CPU.ActiveCfg = Debug|Any CPU
		{732CF82B-A8C8-44C8-8BD1-7DE3681FE427}.Debug|Any CPU.Build.0 = Debug|Any CPU
		{732CF82B-A8C8-44C8-8BD1-7DE3681FE427}.Release|Any CPU.ActiveCfg = Release|Any CPU
		{732CF82B-A8C8-44C8-8BD1-7DE3681FE427}.Release|Any CPU.Build.0 = Release|Any CPU
		{E2022206-5645-4042-BC11-2064109CCA74}.Debug|Any CPU.ActiveCfg = Debug|Any CPU
		{E2022206-5645-4042-BC11-2064109CCA74}.Debug|Any CPU.Build.0 = Debug|Any CPU
		{E2022206-5645-4042-BC11-2064109CCA74}.Release|Any CPU.ActiveCfg = Release|Any CPU
		{E2022206-5645-4042-BC11-2064109CCA74}.Release|Any CPU.Build.0 = Release|Any CPU
		{BD204A23-483D-4E5A-A8FF-89FDA0DC2D1F}.Debug|Any CPU.ActiveCfg = Debug|Any CPU
		{BD204A23-483D-4E5A-A8FF-89FDA0DC2D1F}.Debug|Any CPU.Build.0 = Debug|Any CPU
		{BD204A23-483D-4E5A-A8FF-89FDA0DC2D1F}.Release|Any CPU.ActiveCfg = Release|Any CPU
		{BD204A23-483D-4E5A-A8FF-89FDA0DC2D1F}.Release|Any CPU.Build.0 = Release|Any CPU
		{3686B1B0-7948-4EA2-9C28-A8842CE85B3B}.Debug|Any CPU.ActiveCfg = Debug|Any CPU
		{3686B1B0-7948-4EA2-9C28-A8842CE85B3B}.Debug|Any CPU.Build.0 = Debug|Any CPU
		{3686B1B0-7948-4EA2-9C28-A8842CE85B3B}.Release|Any CPU.ActiveCfg = Release|Any CPU
		{3686B1B0-7948-4EA2-9C28-A8842CE85B3B}.Release|Any CPU.Build.0 = Release|Any CPU
		{7D73E1DE-939F-4FB0-948A-5CDD8A566B01}.Debug|Any CPU.ActiveCfg = Debug|Any CPU
		{7D73E1DE-939F-4FB0-948A-5CDD8A566B01}.Debug|Any CPU.Build.0 = Debug|Any CPU
		{7D73E1DE-939F-4FB0-948A-5CDD8A566B01}.Release|Any CPU.ActiveCfg = Release|Any CPU
		{7D73E1DE-939F-4FB0-948A-5CDD8A566B01}.Release|Any CPU.Build.0 = Release|Any CPU
		{D93F73CE-590A-499A-96CB-F3461BCA83DC}.Debug|Any CPU.ActiveCfg = Debug|Any CPU
		{D93F73CE-590A-499A-96CB-F3461BCA83DC}.Debug|Any CPU.Build.0 = Debug|Any CPU
		{D93F73CE-590A-499A-96CB-F3461BCA83DC}.Release|Any CPU.ActiveCfg = Release|Any CPU
		{D93F73CE-590A-499A-96CB-F3461BCA83DC}.Release|Any CPU.Build.0 = Release|Any CPU
		{F75D3316-C4BB-4B2E-AD45-78F8B2380C68}.Debug|Any CPU.ActiveCfg = Debug|Any CPU
		{F75D3316-C4BB-4B2E-AD45-78F8B2380C68}.Debug|Any CPU.Build.0 = Debug|Any CPU
		{F75D3316-C4BB-4B2E-AD45-78F8B2380C68}.Release|Any CPU.ActiveCfg = Release|Any CPU
		{F75D3316-C4BB-4B2E-AD45-78F8B2380C68}.Release|Any CPU.Build.0 = Release|Any CPU
		{341C1F16-B910-4457-AB5F-6D7DEB2E96FC}.Debug|Any CPU.ActiveCfg = Debug|Any CPU
		{341C1F16-B910-4457-AB5F-6D7DEB2E96FC}.Debug|Any CPU.Build.0 = Debug|Any CPU
		{341C1F16-B910-4457-AB5F-6D7DEB2E96FC}.Release|Any CPU.ActiveCfg = Release|Any CPU
		{341C1F16-B910-4457-AB5F-6D7DEB2E96FC}.Release|Any CPU.Build.0 = Release|Any CPU
	EndGlobalSection
	GlobalSection(SolutionProperties) = preSolution
		HideSolutionNode = FALSE
	EndGlobalSection
	GlobalSection(ExtensibilityGlobals) = postSolution
		SolutionGuid = {8AACA8B6-9A02-4BC9-B0B8-6B4EB8CB6391}
	EndGlobalSection
EndGlobal
